
Microsoft Visual Studio Solution File, Format Version 12.00
# Visual Studio Version 17
VisualStudioVersion = 17.13.35919.96
MinimumVisualStudioVersion = 10.0.40219.1
Project("{FAE04EC0-301F-11D3-BF4B-00C04F79EFBC}") = "Semana3", "Semana3\Semana3.csproj", "{1E7163E3-EA6B-4B05-A1E2-0C179EFE653B}"
EndProject
Project("{FAE04EC0-301F-11D3-BF4B-00C04F79EFBC}") = "Semana4", "Semana4\Semana4.csproj", "{E1892EEF-D9EF-4ED5-A1C4-1575AB8773A3}"
EndProject
Project("{FAE04EC0-301F-11D3-BF4B-00C04F79EFBC}") = "Semana6", "Semana6\Semana6.csproj", "{8C15C054-CCE5-413A-B2D6-9915676BE5A9}"
EndProject
Project("{FAE04EC0-301F-11D3-BF4B-00C04F79EFBC}") = "Semana7", "Semana7\Semana7.csproj", "{0D76589D-0EE3-4812-9B04-69EDA3758DCC}"
EndProject
Project("{FAE04EC0-301F-11D3-BF4B-00C04F79EFBC}") = "Semana8.5", "Semana8.5\Semana8.5.csproj", "{72B1613B-F4B8-4CE4-BC97-E8872183C210}"
EndProject
Project("{FAE04EC0-301F-11D3-BF4B-00C04F79EFBC}") = "Biblioteca", "Biblioteca\Biblioteca.csproj", "{C8E0B980-8E07-4A0C-94F2-6D7CE9582218}"
EndProject
Project("{FAE04EC0-301F-11D3-BF4B-00C04F79EFBC}") = "Semana9", "Semana9\Semana9.csproj", "{0E0AF213-012F-44F0-B015-E8F9B41B8C34}"
EndProject
Global
	GlobalSection(SolutionConfigurationPlatforms) = preSolution
		Debug|Any CPU = Debug|Any CPU
		Release|Any CPU = Release|Any CPU
	EndGlobalSection
	GlobalSection(ProjectConfigurationPlatforms) = postSolution
		{1E7163E3-EA6B-4B05-A1E2-0C179EFE653B}.Debug|Any CPU.ActiveCfg = Debug|Any CPU
		{1E7163E3-EA6B-4B05-A1E2-0C179EFE653B}.Debug|Any CPU.Build.0 = Debug|Any CPU
		{1E7163E3-EA6B-4B05-A1E2-0C179EFE653B}.Release|Any CPU.ActiveCfg = Release|Any CPU
		{1E7163E3-EA6B-4B05-A1E2-0C179EFE653B}.Release|Any CPU.Build.0 = Release|Any CPU
		{E1892EEF-D9EF-4ED5-A1C4-1575AB8773A3}.Debug|Any CPU.ActiveCfg = Debug|Any CPU
		{E1892EEF-D9EF-4ED5-A1C4-1575AB8773A3}.Debug|Any CPU.Build.0 = Debug|Any CPU
		{E1892EEF-D9EF-4ED5-A1C4-1575AB8773A3}.Release|Any CPU.ActiveCfg = Release|Any CPU
		{E1892EEF-D9EF-4ED5-A1C4-1575AB8773A3}.Release|Any CPU.Build.0 = Release|Any CPU
		{8C15C054-CCE5-413A-B2D6-9915676BE5A9}.Debug|Any CPU.ActiveCfg = Debug|Any CPU
		{8C15C054-CCE5-413A-B2D6-9915676BE5A9}.Debug|Any CPU.Build.0 = Debug|Any CPU
		{8C15C054-CCE5-413A-B2D6-9915676BE5A9}.Release|Any CPU.ActiveCfg = Release|Any CPU
		{8C15C054-CCE5-413A-B2D6-9915676BE5A9}.Release|Any CPU.Build.0 = Release|Any CPU
		{0D76589D-0EE3-4812-9B04-69EDA3758DCC}.Debug|Any CPU.ActiveCfg = Debug|Any CPU
		{0D76589D-0EE3-4812-9B04-69EDA3758DCC}.Debug|Any CPU.Build.0 = Debug|Any CPU
		{0D76589D-0EE3-4812-9B04-69EDA3758DCC}.Release|Any CPU.ActiveCfg = Release|Any CPU
		{0D76589D-0EE3-4812-9B04-69EDA3758DCC}.Release|Any CPU.Build.0 = Release|Any CPU
		{72B1613B-F4B8-4CE4-BC97-E8872183C210}.Debug|Any CPU.ActiveCfg = Debug|Any CPU
		{72B1613B-F4B8-4CE4-BC97-E8872183C210}.Debug|Any CPU.Build.0 = Debug|Any CPU
		{72B1613B-F4B8-4CE4-BC97-E8872183C210}.Release|Any CPU.ActiveCfg = Release|Any CPU
		{72B1613B-F4B8-4CE4-BC97-E8872183C210}.Release|Any CPU.Build.0 = Release|Any CPU
		{C8E0B980-8E07-4A0C-94F2-6D7CE9582218}.Debug|Any CPU.ActiveCfg = Debug|Any CPU
		{C8E0B980-8E07-4A0C-94F2-6D7CE9582218}.Debug|Any CPU.Build.0 = Debug|Any CPU
		{C8E0B980-8E07-4A0C-94F2-6D7CE9582218}.Release|Any CPU.ActiveCfg = Release|Any CPU
		{C8E0B980-8E07-4A0C-94F2-6D7CE9582218}.Release|Any CPU.Build.0 = Release|Any CPU
		{0E0AF213-012F-44F0-B015-E8F9B41B8C34}.Debug|Any CPU.ActiveCfg = Debug|Any CPU
		{0E0AF213-012F-44F0-B015-E8F9B41B8C34}.Debug|Any CPU.Build.0 = Debug|Any CPU
		{0E0AF213-012F-44F0-B015-E8F9B41B8C34}.Release|Any CPU.ActiveCfg = Release|Any CPU
		{0E0AF213-012F-44F0-B015-E8F9B41B8C34}.Release|Any CPU.Build.0 = Release|Any CPU
	EndGlobalSection
	GlobalSection(SolutionProperties) = preSolution
		HideSolutionNode = FALSE
	EndGlobalSection
	GlobalSection(ExtensibilityGlobals) = postSolution
		SolutionGuid = {745EC1EA-09A7-4F49-B214-A0F333CA785D}
	EndGlobalSection
EndGlobal
